
Microsoft Visual Studio Solution File, Format Version 12.00
# Visual Studio 15
VisualStudioVersion = 15.0.28010.2050
MinimumVisualStudioVersion = 10.0.40219.1
Project("{FAE04EC0-301F-11D3-BF4B-00C04F79EFBC}") = "MoyoFramework", "MoyoFramework\MoyoFramework.csproj", "{551B0919-C1A2-415D-B5CE-C7096D557144}"
EndProject
Global
	GlobalSection(SolutionConfigurationPlatforms) = preSolution
		Debug|Any CPU = Debug|Any CPU
		Release|Any CPU = Release|Any CPU
	EndGlobalSection
	GlobalSection(ProjectConfigurationPlatforms) = postSolution
		{551B0919-C1A2-415D-B5CE-C7096D557144}.Debug|Any CPU.ActiveCfg = Debug|Any CPU
		{551B0919-C1A2-415D-B5CE-C7096D557144}.Debug|Any CPU.Build.0 = Debug|Any CPU
		{551B0919-C1A2-415D-B5CE-C7096D557144}.Release|Any CPU.ActiveCfg = Release|Any CPU
		{551B0919-C1A2-415D-B5CE-C7096D557144}.Release|Any CPU.Build.0 = Release|Any CPU
	EndGlobalSection
	GlobalSection(SolutionProperties) = preSolution
		HideSolutionNode = FALSE
	EndGlobalSection
	GlobalSection(ExtensibilityGlobals) = postSolution
		SolutionGuid = {12E39327-13AD-4E7D-8F23-A1442553EB0D}
	EndGlobalSection
EndGlobal
